
Microsoft Visual Studio Solution File, Format Version 12.00
# Visual Studio 15
VisualStudioVersion = 15.0.28010.2036
MinimumVisualStudioVersion = 10.0.40219.1
Project("{FAE04EC0-301F-11D3-BF4B-00C04F79EFBC}") = "OC - Learn Programming", "OC - Learn Programming\OC - Learn Programming.csproj", "{F90B7E25-2DAB-4361-BE0B-07FC3A959526}"
EndProject
Project("{FAE04EC0-301F-11D3-BF4B-00C04F79EFBC}") = "P1C1", "P1C1\P1C1.csproj", "{D8B67B9F-BC8D-48FD-8CC6-1770646F784F}"
EndProject
Project("{FAE04EC0-301F-11D3-BF4B-00C04F79EFBC}") = "P1C2", "P1C2\P1C2.csproj", "{784D0803-778A-470E-8B31-032053F154DE}"
EndProject
Project("{FAE04EC0-301F-11D3-BF4B-00C04F79EFBC}") = "P1C3", "P1C3\P1C3.csproj", "{310A1DD9-1FCA-48C7-9434-AC1788010CA1}"
EndProject
Project("{FAE04EC0-301F-11D3-BF4B-00C04F79EFBC}") = "P1C4", "P1C4\P1C4.csproj", "{33CBB939-062C-4DF4-BE35-313B10F6F74E}"
EndProject
Project("{FAE04EC0-301F-11D3-BF4B-00C04F79EFBC}") = "P1C5", "P1C5\P1C5.csproj", "{73813B9B-4A56-467E-9EF0-8F3DD0D2F709}"
EndProject
Project("{FAE04EC0-301F-11D3-BF4B-00C04F79EFBC}") = "P1C6", "P1C6\P1C6.csproj", "{0808E1B8-4851-42F3-9738-6422EBD4A6C8}"
EndProject
Project("{FAE04EC0-301F-11D3-BF4B-00C04F79EFBC}") = "P2C1", "P2C1\P2C1.csproj", "{B83460F2-5347-45E8-938A-7B1D337CBE5D}"
EndProject
Project("{FAE04EC0-301F-11D3-BF4B-00C04F79EFBC}") = "P2C2", "P2C2\P2C2.csproj", "{99381991-7B4E-4A9A-A550-461C5EE28369}"
EndProject
Project("{FAE04EC0-301F-11D3-BF4B-00C04F79EFBC}") = "P2C2B", "P2C2B\P2C2B.csproj", "{AAFEAB0A-5B7D-4B80-AB17-72CF46AE94E8}"
EndProject
Project("{FAE04EC0-301F-11D3-BF4B-00C04F79EFBC}") = "P2C3", "P2C3\P2C3.csproj", "{6B8357CA-F529-4D12-BD29-C431326A1F6B}"
EndProject
Project("{FAE04EC0-301F-11D3-BF4B-00C04F79EFBC}") = "P2C4", "P2C4\P2C4.csproj", "{6C6A9765-4BBC-4CE5-8588-5BD9AC92C942}"
EndProject
Project("{FAE04EC0-301F-11D3-BF4B-00C04F79EFBC}") = "P2C5", "P2C5\P2C5.csproj", "{A738335F-41EE-433A-AF71-53A84B861101}"
EndProject
Project("{FAE04EC0-301F-11D3-BF4B-00C04F79EFBC}") = "P3C1", "P3C1\P3C1.csproj", "{CFD99105-ACCE-4146-8488-FFFE20B96B36}"
EndProject
Project("{FAE04EC0-301F-11D3-BF4B-00C04F79EFBC}") = "P3C2", "P3C2\P3C2.csproj", "{5580BFAD-D172-4252-ACDC-2885784FE8E5}"
EndProject
Project("{FAE04EC0-301F-11D3-BF4B-00C04F79EFBC}") = "P3C3", "P3C3\P3C3.csproj", "{289377B4-8638-47A8-8CEB-3FF5D89B4EEF}"
EndProject
Project("{FAE04EC0-301F-11D3-BF4B-00C04F79EFBC}") = "P3C4", "P3C4\P3C4.csproj", "{650110F2-CB4D-4FCC-8C71-B178F807D76B}"
EndProject
Project("{FAE04EC0-301F-11D3-BF4B-00C04F79EFBC}") = "P3C5", "P3C5\P3C5.csproj", "{F38B2097-9540-4C66-A864-9E3BAC0E834B}"
EndProject
Project("{FAE04EC0-301F-11D3-BF4B-00C04F79EFBC}") = "P4C6", "P4C6\P4C6.csproj", "{70B773EB-2FAB-4356-809B-7D2457C94861}"
EndProject
Global
	GlobalSection(SolutionConfigurationPlatforms) = preSolution
		Debug|Any CPU = Debug|Any CPU
		Release|Any CPU = Release|Any CPU
	EndGlobalSection
	GlobalSection(ProjectConfigurationPlatforms) = postSolution
		{F90B7E25-2DAB-4361-BE0B-07FC3A959526}.Debug|Any CPU.ActiveCfg = Debug|Any CPU
		{F90B7E25-2DAB-4361-BE0B-07FC3A959526}.Debug|Any CPU.Build.0 = Debug|Any CPU
		{F90B7E25-2DAB-4361-BE0B-07FC3A959526}.Release|Any CPU.ActiveCfg = Release|Any CPU
		{F90B7E25-2DAB-4361-BE0B-07FC3A959526}.Release|Any CPU.Build.0 = Release|Any CPU
		{D8B67B9F-BC8D-48FD-8CC6-1770646F784F}.Debug|Any CPU.ActiveCfg = Debug|Any CPU
		{D8B67B9F-BC8D-48FD-8CC6-1770646F784F}.Debug|Any CPU.Build.0 = Debug|Any CPU
		{D8B67B9F-BC8D-48FD-8CC6-1770646F784F}.Release|Any CPU.ActiveCfg = Release|Any CPU
		{D8B67B9F-BC8D-48FD-8CC6-1770646F784F}.Release|Any CPU.Build.0 = Release|Any CPU
		{784D0803-778A-470E-8B31-032053F154DE}.Debug|Any CPU.ActiveCfg = Debug|Any CPU
		{784D0803-778A-470E-8B31-032053F154DE}.Debug|Any CPU.Build.0 = Debug|Any CPU
		{784D0803-778A-470E-8B31-032053F154DE}.Release|Any CPU.ActiveCfg = Release|Any CPU
		{784D0803-778A-470E-8B31-032053F154DE}.Release|Any CPU.Build.0 = Release|Any CPU
		{310A1DD9-1FCA-48C7-9434-AC1788010CA1}.Debug|Any CPU.ActiveCfg = Debug|Any CPU
		{310A1DD9-1FCA-48C7-9434-AC1788010CA1}.Debug|Any CPU.Build.0 = Debug|Any CPU
		{310A1DD9-1FCA-48C7-9434-AC1788010CA1}.Release|Any CPU.ActiveCfg = Release|Any CPU
		{310A1DD9-1FCA-48C7-9434-AC1788010CA1}.Release|Any CPU.Build.0 = Release|Any CPU
		{33CBB939-062C-4DF4-BE35-313B10F6F74E}.Debug|Any CPU.ActiveCfg = Debug|Any CPU
		{33CBB939-062C-4DF4-BE35-313B10F6F74E}.Debug|Any CPU.Build.0 = Debug|Any CPU
		{33CBB939-062C-4DF4-BE35-313B10F6F74E}.Release|Any CPU.ActiveCfg = Release|Any CPU
		{33CBB939-062C-4DF4-BE35-313B10F6F74E}.Release|Any CPU.Build.0 = Release|Any CPU
		{73813B9B-4A56-467E-9EF0-8F3DD0D2F709}.Debug|Any CPU.ActiveCfg = Debug|Any CPU
		{73813B9B-4A56-467E-9EF0-8F3DD0D2F709}.Debug|Any CPU.Build.0 = Debug|Any CPU
		{73813B9B-4A56-467E-9EF0-8F3DD0D2F709}.Release|Any CPU.ActiveCfg = Release|Any CPU
		{73813B9B-4A56-467E-9EF0-8F3DD0D2F709}.Release|Any CPU.Build.0 = Release|Any CPU
		{0808E1B8-4851-42F3-9738-6422EBD4A6C8}.Debug|Any CPU.ActiveCfg = Debug|Any CPU
		{0808E1B8-4851-42F3-9738-6422EBD4A6C8}.Debug|Any CPU.Build.0 = Debug|Any CPU
		{0808E1B8-4851-42F3-9738-6422EBD4A6C8}.Release|Any CPU.ActiveCfg = Release|Any CPU
		{0808E1B8-4851-42F3-9738-6422EBD4A6C8}.Release|Any CPU.Build.0 = Release|Any CPU
		{B83460F2-5347-45E8-938A-7B1D337CBE5D}.Debug|Any CPU.ActiveCfg = Debug|Any CPU
		{B83460F2-5347-45E8-938A-7B1D337CBE5D}.Debug|Any CPU.Build.0 = Debug|Any CPU
		{B83460F2-5347-45E8-938A-7B1D337CBE5D}.Release|Any CPU.ActiveCfg = Release|Any CPU
		{B83460F2-5347-45E8-938A-7B1D337CBE5D}.Release|Any CPU.Build.0 = Release|Any CPU
		{99381991-7B4E-4A9A-A550-461C5EE28369}.Debug|Any CPU.ActiveCfg = Debug|Any CPU
		{99381991-7B4E-4A9A-A550-461C5EE28369}.Debug|Any CPU.Build.0 = Debug|Any CPU
		{99381991-7B4E-4A9A-A550-461C5EE28369}.Release|Any CPU.ActiveCfg = Release|Any CPU
		{99381991-7B4E-4A9A-A550-461C5EE28369}.Release|Any CPU.Build.0 = Release|Any CPU
		{AAFEAB0A-5B7D-4B80-AB17-72CF46AE94E8}.Debug|Any CPU.ActiveCfg = Debug|Any CPU
		{AAFEAB0A-5B7D-4B80-AB17-72CF46AE94E8}.Debug|Any CPU.Build.0 = Debug|Any CPU
		{AAFEAB0A-5B7D-4B80-AB17-72CF46AE94E8}.Release|Any CPU.ActiveCfg = Release|Any CPU
		{AAFEAB0A-5B7D-4B80-AB17-72CF46AE94E8}.Release|Any CPU.Build.0 = Release|Any CPU
		{6B8357CA-F529-4D12-BD29-C431326A1F6B}.Debug|Any CPU.ActiveCfg = Debug|Any CPU
		{6B8357CA-F529-4D12-BD29-C431326A1F6B}.Debug|Any CPU.Build.0 = Debug|Any CPU
		{6B8357CA-F529-4D12-BD29-C431326A1F6B}.Release|Any CPU.ActiveCfg = Release|Any CPU
		{6B8357CA-F529-4D12-BD29-C431326A1F6B}.Release|Any CPU.Build.0 = Release|Any CPU
		{6C6A9765-4BBC-4CE5-8588-5BD9AC92C942}.Debug|Any CPU.ActiveCfg = Debug|Any CPU
		{6C6A9765-4BBC-4CE5-8588-5BD9AC92C942}.Debug|Any CPU.Build.0 = Debug|Any CPU
		{6C6A9765-4BBC-4CE5-8588-5BD9AC92C942}.Release|Any CPU.ActiveCfg = Release|Any CPU
		{6C6A9765-4BBC-4CE5-8588-5BD9AC92C942}.Release|Any CPU.Build.0 = Release|Any CPU
		{A738335F-41EE-433A-AF71-53A84B861101}.Debug|Any CPU.ActiveCfg = Debug|Any CPU
		{A738335F-41EE-433A-AF71-53A84B861101}.Debug|Any CPU.Build.0 = Debug|Any CPU
		{A738335F-41EE-433A-AF71-53A84B861101}.Release|Any CPU.ActiveCfg = Release|Any CPU
		{A738335F-41EE-433A-AF71-53A84B861101}.Release|Any CPU.Build.0 = Release|Any CPU
		{CFD99105-ACCE-4146-8488-FFFE20B96B36}.Debug|Any CPU.ActiveCfg = Debug|Any CPU
		{CFD99105-ACCE-4146-8488-FFFE20B96B36}.Debug|Any CPU.Build.0 = Debug|Any CPU
		{CFD99105-ACCE-4146-8488-FFFE20B96B36}.Release|Any CPU.ActiveCfg = Release|Any CPU
		{CFD99105-ACCE-4146-8488-FFFE20B96B36}.Release|Any CPU.Build.0 = Release|Any CPU
		{5580BFAD-D172-4252-ACDC-2885784FE8E5}.Debug|Any CPU.ActiveCfg = Debug|Any CPU
		{5580BFAD-D172-4252-ACDC-2885784FE8E5}.Debug|Any CPU.Build.0 = Debug|Any CPU
		{5580BFAD-D172-4252-ACDC-2885784FE8E5}.Release|Any CPU.ActiveCfg = Release|Any CPU
		{5580BFAD-D172-4252-ACDC-2885784FE8E5}.Release|Any CPU.Build.0 = Release|Any CPU
		{289377B4-8638-47A8-8CEB-3FF5D89B4EEF}.Debug|Any CPU.ActiveCfg = Debug|Any CPU
		{289377B4-8638-47A8-8CEB-3FF5D89B4EEF}.Debug|Any CPU.Build.0 = Debug|Any CPU
		{289377B4-8638-47A8-8CEB-3FF5D89B4EEF}.Release|Any CPU.ActiveCfg = Release|Any CPU
		{289377B4-8638-47A8-8CEB-3FF5D89B4EEF}.Release|Any CPU.Build.0 = Release|Any CPU
		{650110F2-CB4D-4FCC-8C71-B178F807D76B}.Debug|Any CPU.ActiveCfg = Debug|Any CPU
		{650110F2-CB4D-4FCC-8C71-B178F807D76B}.Debug|Any CPU.Build.0 = Debug|Any CPU
		{650110F2-CB4D-4FCC-8C71-B178F807D76B}.Release|Any CPU.ActiveCfg = Release|Any CPU
		{650110F2-CB4D-4FCC-8C71-B178F807D76B}.Release|Any CPU.Build.0 = Release|Any CPU
		{F38B2097-9540-4C66-A864-9E3BAC0E834B}.Debug|Any CPU.ActiveCfg = Debug|Any CPU
		{F38B2097-9540-4C66-A864-9E3BAC0E834B}.Debug|Any CPU.Build.0 = Debug|Any CPU
		{F38B2097-9540-4C66-A864-9E3BAC0E834B}.Release|Any CPU.ActiveCfg = Release|Any CPU
		{F38B2097-9540-4C66-A864-9E3BAC0E834B}.Release|Any CPU.Build.0 = Release|Any CPU
		{70B773EB-2FAB-4356-809B-7D2457C94861}.Debug|Any CPU.ActiveCfg = Debug|Any CPU
		{70B773EB-2FAB-4356-809B-7D2457C94861}.Debug|Any CPU.Build.0 = Debug|Any CPU
		{70B773EB-2FAB-4356-809B-7D2457C94861}.Release|Any CPU.ActiveCfg = Release|Any CPU
		{70B773EB-2FAB-4356-809B-7D2457C94861}.Release|Any CPU.Build.0 = Release|Any CPU
	EndGlobalSection
	GlobalSection(SolutionProperties) = preSolution
		HideSolutionNode = FALSE
	EndGlobalSection
	GlobalSection(ExtensibilityGlobals) = postSolution
		SolutionGuid = {F1890556-0DE4-48C3-ABA5-9EF1DD2B172C}
	EndGlobalSection
EndGlobal
