
Microsoft Visual Studio Solution File, Format Version 12.00
# Visual Studio 15
VisualStudioVersion = 15.0.28010.2036
MinimumVisualStudioVersion = 10.0.40219.1
Project("{FAE04EC0-301F-11D3-BF4B-00C04F79EFBC}") = "OC - Learn Programming", "OC - Learn Programming\OC - Learn Programming.csproj", "{F90B7E25-2DAB-4361-BE0B-07FC3A959526}"
EndProject
Project("{FAE04EC0-301F-11D3-BF4B-00C04F79EFBC}") = "P1C1", "P1C1\P1C1.csproj", "{D8B67B9F-BC8D-48FD-8CC6-1770646F784F}"
EndProject
Project("{FAE04EC0-301F-11D3-BF4B-00C04F79EFBC}") = "P1C2", "P1C2\P1C2.csproj", "{784D0803-778A-470E-8B31-032053F154DE}"
EndProject
Project("{FAE04EC0-301F-11D3-BF4B-00C04F79EFBC}") = "P1C3", "P1C3\P1C3.csproj", "{310A1DD9-1FCA-48C7-9434-AC1788010CA1}"
EndProject
Project("{FAE04EC0-301F-11D3-BF4B-00C04F79EFBC}") = "P1C4", "P1C4\P1C4.csproj", "{33CBB939-062C-4DF4-BE35-313B10F6F74E}"
EndProject
Project("{FAE04EC0-301F-11D3-BF4B-00C04F79EFBC}") = "P1C5", "P1C5\P1C5.csproj", "{73813B9B-4A56-467E-9EF0-8F3DD0D2F709}"
EndProject
Project("{FAE04EC0-301F-11D3-BF4B-00C04F79EFBC}") = "P1C6", "P1C6\P1C6.csproj", "{0808E1B8-4851-42F3-9738-6422EBD4A6C8}"
EndProject
Global
	GlobalSection(SolutionConfigurationPlatforms) = preSolution
		Debug|Any CPU = Debug|Any CPU
		Release|Any CPU = Release|Any CPU
	EndGlobalSection
	GlobalSection(ProjectConfigurationPlatforms) = postSolution
		{F90B7E25-2DAB-4361-BE0B-07FC3A959526}.Debug|Any CPU.ActiveCfg = Debug|Any CPU
		{F90B7E25-2DAB-4361-BE0B-07FC3A959526}.Debug|Any CPU.Build.0 = Debug|Any CPU
		{F90B7E25-2DAB-4361-BE0B-07FC3A959526}.Release|Any CPU.ActiveCfg = Release|Any CPU
		{F90B7E25-2DAB-4361-BE0B-07FC3A959526}.Release|Any CPU.Build.0 = Release|Any CPU
		{D8B67B9F-BC8D-48FD-8CC6-1770646F784F}.Debug|Any CPU.ActiveCfg = Debug|Any CPU
		{D8B67B9F-BC8D-48FD-8CC6-1770646F784F}.Debug|Any CPU.Build.0 = Debug|Any CPU
		{D8B67B9F-BC8D-48FD-8CC6-1770646F784F}.Release|Any CPU.ActiveCfg = Release|Any CPU
		{D8B67B9F-BC8D-48FD-8CC6-1770646F784F}.Release|Any CPU.Build.0 = Release|Any CPU
		{784D0803-778A-470E-8B31-032053F154DE}.Debug|Any CPU.ActiveCfg = Debug|Any CPU
		{784D0803-778A-470E-8B31-032053F154DE}.Debug|Any CPU.Build.0 = Debug|Any CPU
		{784D0803-778A-470E-8B31-032053F154DE}.Release|Any CPU.ActiveCfg = Release|Any CPU
		{784D0803-778A-470E-8B31-032053F154DE}.Release|Any CPU.Build.0 = Release|Any CPU
		{310A1DD9-1FCA-48C7-9434-AC1788010CA1}.Debug|Any CPU.ActiveCfg = Debug|Any CPU
		{310A1DD9-1FCA-48C7-9434-AC1788010CA1}.Debug|Any CPU.Build.0 = Debug|Any CPU
		{310A1DD9-1FCA-48C7-9434-AC1788010CA1}.Release|Any CPU.ActiveCfg = Release|Any CPU
		{310A1DD9-1FCA-48C7-9434-AC1788010CA1}.Release|Any CPU.Build.0 = Release|Any CPU
		{33CBB939-062C-4DF4-BE35-313B10F6F74E}.Debug|Any CPU.ActiveCfg = Debug|Any CPU
		{33CBB939-062C-4DF4-BE35-313B10F6F74E}.Debug|Any CPU.Build.0 = Debug|Any CPU
		{33CBB939-062C-4DF4-BE35-313B10F6F74E}.Release|Any CPU.ActiveCfg = Release|Any CPU
		{33CBB939-062C-4DF4-BE35-313B10F6F74E}.Release|Any CPU.Build.0 = Release|Any CPU
		{73813B9B-4A56-467E-9EF0-8F3DD0D2F709}.Debug|Any CPU.ActiveCfg = Debug|Any CPU
		{73813B9B-4A56-467E-9EF0-8F3DD0D2F709}.Debug|Any CPU.Build.0 = Debug|Any CPU
		{73813B9B-4A56-467E-9EF0-8F3DD0D2F709}.Release|Any CPU.ActiveCfg = Release|Any CPU
		{73813B9B-4A56-467E-9EF0-8F3DD0D2F709}.Release|Any CPU.Build.0 = Release|Any CPU
		{0808E1B8-4851-42F3-9738-6422EBD4A6C8}.Debug|Any CPU.ActiveCfg = Debug|Any CPU
		{0808E1B8-4851-42F3-9738-6422EBD4A6C8}.Debug|Any CPU.Build.0 = Debug|Any CPU
		{0808E1B8-4851-42F3-9738-6422EBD4A6C8}.Release|Any CPU.ActiveCfg = Release|Any CPU
		{0808E1B8-4851-42F3-9738-6422EBD4A6C8}.Release|Any CPU.Build.0 = Release|Any CPU
	EndGlobalSection
	GlobalSection(SolutionProperties) = preSolution
		HideSolutionNode = FALSE
	EndGlobalSection
	GlobalSection(ExtensibilityGlobals) = postSolution
		SolutionGuid = {F1890556-0DE4-48C3-ABA5-9EF1DD2B172C}
	EndGlobalSection
EndGlobal
